
Microsoft Visual Studio Solution File, Format Version 12.00
# Visual Studio Version 16
VisualStudioVersion = 16.0.29215.179
MinimumVisualStudioVersion = 10.0.40219.1
Project("{FAE04EC0-301F-11D3-BF4B-00C04F79EFBC}") = "Hiragana Training", "Hiragana Training\Hiragana Training.csproj", "{6AA81B10-453A-4AB0-BFFD-286D291252EA}"
EndProject
Global
	GlobalSection(SolutionConfigurationPlatforms) = preSolution
		Debug|Any CPU = Debug|Any CPU
		Release|Any CPU = Release|Any CPU
	EndGlobalSection
	GlobalSection(ProjectConfigurationPlatforms) = postSolution
		{6AA81B10-453A-4AB0-BFFD-286D291252EA}.Debug|Any CPU.ActiveCfg = Debug|Any CPU
		{6AA81B10-453A-4AB0-BFFD-286D291252EA}.Debug|Any CPU.Build.0 = Debug|Any CPU
		{6AA81B10-453A-4AB0-BFFD-286D291252EA}.Release|Any CPU.ActiveCfg = Release|Any CPU
		{6AA81B10-453A-4AB0-BFFD-286D291252EA}.Release|Any CPU.Build.0 = Release|Any CPU
	EndGlobalSection
	GlobalSection(SolutionProperties) = preSolution
		HideSolutionNode = FALSE
	EndGlobalSection
	GlobalSection(ExtensibilityGlobals) = postSolution
		SolutionGuid = {8B918185-D0AE-4800-AB54-F23CF365DCAF}
	EndGlobalSection
EndGlobal
